
Microsoft Visual Studio Solution File, Format Version 12.00
# Visual Studio Version 17
VisualStudioVersion = 17.4.33213.308
MinimumVisualStudioVersion = 10.0.40219.1
Project("{FAE04EC0-301F-11D3-BF4B-00C04F79EFBC}") = "GIt_Test", "GIt_Test\GIt_Test.csproj", "{D2B0094A-1DFC-4AE7-99C1-2E3B4A55D848}"
EndProject
Global
	GlobalSection(SolutionConfigurationPlatforms) = preSolution
		Debug|Any CPU = Debug|Any CPU
		Release|Any CPU = Release|Any CPU
	EndGlobalSection
	GlobalSection(ProjectConfigurationPlatforms) = postSolution
		{D2B0094A-1DFC-4AE7-99C1-2E3B4A55D848}.Debug|Any CPU.ActiveCfg = Debug|Any CPU
		{D2B0094A-1DFC-4AE7-99C1-2E3B4A55D848}.Debug|Any CPU.Build.0 = Debug|Any CPU
		{D2B0094A-1DFC-4AE7-99C1-2E3B4A55D848}.Release|Any CPU.ActiveCfg = Release|Any CPU
		{D2B0094A-1DFC-4AE7-99C1-2E3B4A55D848}.Release|Any CPU.Build.0 = Release|Any CPU
	EndGlobalSection
	GlobalSection(SolutionProperties) = preSolution
		HideSolutionNode = FALSE
	EndGlobalSection
	GlobalSection(ExtensibilityGlobals) = postSolution
		SolutionGuid = {4835F32F-460D-4C21-A03F-452F073E8AE5}
	EndGlobalSection
EndGlobal
